
Microsoft Visual Studio Solution File, Format Version 12.00
# Visual Studio Version 17
VisualStudioVersion = 17.5.002.0
MinimumVisualStudioVersion = 10.0.40219.1
Project("{9A19103F-16F7-4668-BE54-9A1E7A4F7556}") = "Calculator", "Calculator.csproj", "{C2D1544D-9C85-44EF-9EC9-E69772046D6F}"
EndProject
Global
	GlobalSection(SolutionConfigurationPlatforms) = preSolution
		Debug|Any CPU = Debug|Any CPU
		Release|Any CPU = Release|Any CPU
	EndGlobalSection
	GlobalSection(ProjectConfigurationPlatforms) = postSolution
		{C2D1544D-9C85-44EF-9EC9-E69772046D6F}.Debug|Any CPU.ActiveCfg = Debug|Any CPU
		{C2D1544D-9C85-44EF-9EC9-E69772046D6F}.Debug|Any CPU.Build.0 = Debug|Any CPU
		{C2D1544D-9C85-44EF-9EC9-E69772046D6F}.Release|Any CPU.ActiveCfg = Release|Any CPU
		{C2D1544D-9C85-44EF-9EC9-E69772046D6F}.Release|Any CPU.Build.0 = Release|Any CPU
	EndGlobalSection
	GlobalSection(SolutionProperties) = preSolution
		HideSolutionNode = FALSE
	EndGlobalSection
	GlobalSection(ExtensibilityGlobals) = postSolution
		SolutionGuid = {1CA06779-8674-469B-8F20-8050D7741FF4}
	EndGlobalSection
EndGlobal
